{
  "name": "wxa-core-example",
  "version": "1.0.0",
  "lockfileVersion": 1,
  "requires": true,
  "dependencies": {
    "auto-mapping": {
      "version": "1.0.3",
      "resolved": "https://registry.npmjs.org/auto-mapping/-/auto-mapping-1.0.3.tgz",
      "integrity": "sha512-JeUYxxzcmD6hutmVUDW+bfmXJprBlLU1q2b2S8b9THEipig7wRkETfS9OVI4ugqLcG+xiP95LwgXlNcd7fuJvw=="
    },
    "typescript": {
      "version": "3.1.6",
      "resolved": "https://registry.npmjs.org/typescript/-/typescript-3.1.6.tgz",
      "integrity": "sha512-tDMYfVtvpb96msS1lDX9MEdHrW4yOuZ4Kdc4Him9oU796XldPYF/t2+uKoX0BBa0hXXwDlqYQbXY5Rzjzc5hBA==",
      "dev": true
    },
    "wxa-core": {
      "version": "1.0.1",
      "resolved": "https://registry.npmjs.org/wxa-core/-/wxa-core-1.0.1.tgz",
      "integrity": "sha512-mvccUpJU3r9mbcbl1YSgPryQbdvHtu9K0yPHtWv/HEjgm3GB+bDFW5LtJAXbGBFijNe0pE23PAkTXoIzYf9gtA=="
    }
  }
}
