{
  "name": "wxa-core-example",
  "version": "1.0.0",
  "lockfileVersion": 1,
  "requires": true,
  "dependencies": {
    "auto-mapping": {
      "version": "1.3.2",
      "resolved": "https://registry.npmjs.org/auto-mapping/-/auto-mapping-1.3.2.tgz",
      "integrity": "sha512-hnwKoYyKdi8Tg3ZR/TkAOFdCz76Z40/U9XMMkmvrtNQXiBWDym9zxurIz+S2/WaDIsN/uuvscxWLoDhLubqR6w==",
      "requires": {
        "reflect-metadata": "^0.1.13",
        "secure-template": "^1.0.2"
      }
    },
    "reflect-metadata": {
      "version": "0.1.13",
      "resolved": "https://registry.npmjs.org/reflect-metadata/-/reflect-metadata-0.1.13.tgz",
      "integrity": "sha512-Ts1Y/anZELhSsjMcU605fU9RE4Oi3p5ORujwbIKXfWa+0Zxs510Qrmrce5/Jowq3cHSZSJqBjypxmHarc+vEWg=="
    },
    "secure-template": {
      "version": "1.0.2",
      "resolved": "https://registry.npmjs.org/secure-template/-/secure-template-1.0.2.tgz",
      "integrity": "sha512-byWLMIesBEO1rbaphqb1mqFr6j7YDO6zNeXVZOVEmdwGtMe50cvodjiv5N05nPAKdK3/0N8QYimUYKmsEePM/Q=="
    },
    "typescript": {
      "version": "3.8.2",
      "resolved": "https://registry.npmjs.org/typescript/-/typescript-3.8.2.tgz",
      "integrity": "sha512-EgOVgL/4xfVrCMbhYKUQTdF37SQn4Iw73H5BgCrF1Abdun7Kwy/QZsE/ssAy0y4LxBbvua3PIbFsbRczWWnDdQ==",
      "dev": true
    },
    "wxa-core": {
      "version": "file:../wxa-core-2.2.0.tgz",
      "integrity": "sha512-8d88NgCeR3FXWOqCoLkujToI4z3laqpMTU0t9S5h5FHR7Ll1ihHXUdeGQ5UHmcVyzpwHZQAaw8Qx6VFaZa2uig=="
    }
  }
}
